// !$*UTF8*$!
{
	archiveVersion = 1;
	classes = {
	};
	objectVersion = 50;
	objects = {

/* Begin PBXBuildFile section */
		CA6B7B4926E7746A00AEDC4E /* AppDelegate.swift in Sources */ = {isa = PBXBuildFile; fileRef = CA6B7B4826E7746A00AEDC4E /* AppDelegate.swift */; };
		CA6B7B4B26E7746A00AEDC4E /* SceneDelegate.swift in Sources */ = {isa = PBXBuildFile; fileRef = CA6B7B4A26E7746A00AEDC4E /* SceneDelegate.swift */; };
		CA6B7B4D26E7746A00AEDC4E /* ViewController.swift in Sources */ = {isa = PBXBuildFile; fileRef = CA6B7B4C26E7746A00AEDC4E /* ViewController.swift */; };
		CA6B7B5026E7746A00AEDC4E /* Main.storyboard in Resources */ = {isa = PBXBuildFile; fileRef = CA6B7B4E26E7746A00AEDC4E /* Main.storyboard */; };
		CA6B7B5226E7746B00AEDC4E /* Assets.xcassets in Resources */ = {isa = PBXBuildFile; fileRef = CA6B7B5126E7746B00AEDC4E /* Assets.xcassets */; };
		CA6B7B5526E7746B00AEDC4E /* LaunchScreen.storyboard in Resources */ = {isa = PBXBuildFile; fileRef = CA6B7B5326E7746B00AEDC4E /* LaunchScreen.storyboard */; };
/* End PBXBuildFile section */

/* Begin PBXFileReference section */
		CA6B7B4526E7746A00AEDC4E /* SonyaCatFinish.app */ = {isa = PBXFileReference; explicitFileType = wrapper.application; includeInIndex = 0; path = SonyaCatFinish.app; sourceTree = BUILT_PRODUCTS_DIR; };
		CA6B7B4826E7746A00AEDC4E /* AppDelegate.swift */ = {isa = PBXFileReference; lastKnownFileType = sourcecode.swift; path = AppDelegate.swift; sourceTree = "<group>"; };
		CA6B7B4A26E7746A00AEDC4E /* SceneDelegate.swift */ = {isa = PBXFileReference; lastKnownFileType = sourcecode.swift; path = SceneDelegate.swift; sourceTree = "<group>"; };
		CA6B7B4C26E7746A00AEDC4E /* ViewController.swift */ = {isa = PBXFileReference; lastKnownFileType = sourcecode.swift; path = ViewController.swift; sourceTree = "<group>"; };
		CA6B7B4F26E7746A00AEDC4E /* Base */ = {isa = PBXFileReference; lastKnownFileType = file.storyboard; name = Base; path = Base.lproj/Main.storyboard; sourceTree = "<group>"; };
		CA6B7B5126E7746B00AEDC4E /* Assets.xcassets */ = {isa = PBXFileReference; lastKnownFileType = folder.assetcatalog; path = Assets.xcassets; sourceTree = "<group>"; };
		CA6B7B5426E7746B00AEDC4E /* Base */ = {isa = PBXFileReference; lastKnownFileType = file.storyboard; name = Base; path = Base.lproj/LaunchScreen.storyboard; sourceTree = "<group>"; };
		CA6B7B5626E7746B00AEDC4E /* Info.plist */ = {isa = PBXFileReference; lastKnownFileType = text.plist.xml; path = Info.plist; sourceTree = "<group>"; };
/* End PBXFileReference section */

/* Begin PBXFrameworksBuildPhase section */
		CA6B7B4226E7746A00AEDC4E /* Frameworks */ = {
			isa = PBXFrameworksBuildPhase;
			buildActionMask = 2147483647;
			files = (
			);
			runOnlyForDeploymentPostprocessing = 0;
		};
/* End PBXFrameworksBuildPhase section */

/* Begin PBXGroup section */
		CA6B7B3C26E7746A00AEDC4E = {
			isa = PBXGroup;
			children = (
				CA6B7B4726E7746A00AEDC4E /* SonyaCatFinish */,
				CA6B7B4626E7746A00AEDC4E /* Products */,
			);
			sourceTree = "<group>";
		};
		CA6B7B4626E7746A00AEDC4E /* Products */ = {
			isa = PBXGroup;
			children = (
				CA6B7B4526E7746A00AEDC4E /* SonyaCatFinish.app */,
			);
			name = Products;
			sourceTree = "<group>";
		};
		CA6B7B4726E7746A00AEDC4E /* SonyaCatFinish */ = {
			isa = PBXGroup;
			children = (
				CA6B7B4826E7746A00AEDC4E /* AppDelegate.swift */,
				CA6B7B4A26E7746A00AEDC4E /* SceneDelegate.swift */,
				CA6B7B4C26E7746A00AEDC4E /* ViewController.swift */,
				CA6B7B4E26E7746A00AEDC4E /* Main.storyboard */,
				CA6B7B5126E7746B00AEDC4E /* Assets.xcassets */,
				CA6B7B5326E7746B00AEDC4E /* LaunchScreen.storyboard */,
				CA6B7B5626E7746B00AEDC4E /* Info.plist */,
			);
			path = SonyaCatFinish;
			sourceTree = "<group>";
		};
/* End PBXGroup section */

/* Begin PBXNativeTarget section */
		CA6B7B4426E7746A00AEDC4E /* SonyaCatFinish */ = {
			isa = PBXNativeTarget;
			buildConfigurationList = CA6B7B5926E7746B00AEDC4E /* Build configuration list for PBXNativeTarget "SonyaCatFinish" */;
			buildPhases = (
				CA6B7B4126E7746A00AEDC4E /* Sources */,
				CA6B7B4226E7746A00AEDC4E /* Frameworks */,
				CA6B7B4326E7746A00AEDC4E /* Resources */,
			);
			buildRules = (
			);
			dependencies = (
			);
			name = SonyaCatFinish;
			productName = SonyaCatFinish;
			productReference = CA6B7B4526E7746A00AEDC4E /* SonyaCatFinish.app */;
			productType = "com.apple.product-type.application";
		};
/* End PBXNativeTarget section */

/* Begin PBXProject section */
		CA6B7B3D26E7746A00AEDC4E /* Project object */ = {
			isa = PBXProject;
			attributes = {
				LastSwiftUpdateCheck = 1250;
				LastUpgradeCheck = 1250;
				TargetAttributes = {
					CA6B7B4426E7746A00AEDC4E = {
						CreatedOnToolsVersion = 12.5.1;
					};
				};
			};
			buildConfigurationList = CA6B7B4026E7746A00AEDC4E /* Build configuration list for PBXProject "SonyaCatFinish" */;
			compatibilityVersion = "Xcode 9.3";
			developmentRegion = en;
			hasScannedForEncodings = 0;
			knownRegions = (
				en,
				Base,
			);
			mainGroup = CA6B7B3C26E7746A00AEDC4E;
			productRefGroup = CA6B7B4626E7746A00AEDC4E /* Products */;
			projectDirPath = "";
			projectRoot = "";
			targets = (
				CA6B7B4426E7746A00AEDC4E /* SonyaCatFinish */,
			);
		};
/* End PBXProject section */

/* Begin PBXResourcesBuildPhase section */
		CA6B7B4326E7746A00AEDC4E /* Resources */ = {
			isa = PBXResourcesBuildPhase;
			buildActionMask = 2147483647;
			files = (
				CA6B7B5526E7746B00AEDC4E /* LaunchScreen.storyboard in Resources */,
				CA6B7B5226E7746B00AEDC4E /* Assets.xcassets in Resources */,
				CA6B7B5026E7746A00AEDC4E /* Main.storyboard in Resources */,
			);
			runOnlyForDeploymentPostprocessing = 0;
		};
/* End PBXResourcesBuildPhase section */

/* Begin PBXSourcesBuildPhase section */
		CA6B7B4126E7746A00AEDC4E /* Sources */ = {
			isa = PBXSourcesBuildPhase;
			buildActionMask = 2147483647;
			files = (
				CA6B7B4D26E7746A00AEDC4E /* ViewController.swift in Sources */,
				CA6B7B4926E7746A00AEDC4E /* AppDelegate.swift in Sources */,
				CA6B7B4B26E7746A00AEDC4E /* SceneDelegate.swift in Sources */,
			);
			runOnlyForDeploymentPostprocessing = 0;
		};
/* End PBXSourcesBuildPhase section */

/* Begin PBXVariantGroup section */
		CA6B7B4E26E7746A00AEDC4E /* Main.storyboard */ = {
			isa = PBXVariantGroup;
			children = (
				CA6B7B4F26E7746A00AEDC4E /* Base */,
			);
			name = Main.storyboard;
			sourceTree = "<group>";
		};
		CA6B7B5326E7746B00AEDC4E /* LaunchScreen.storyboard */ = {
			isa = PBXVariantGroup;
			children = (
				CA6B7B5426E7746B00AEDC4E /* Base */,
			);
			name = LaunchScreen.storyboard;
			sourceTree = "<group>";
		};
/* End PBXVariantGroup section */

/* Begin XCBuildConfiguration section */
		CA6B7B5726E7746B00AEDC4E /* Debug */ = {
			isa = XCBuildConfiguration;
			buildSettings = {
				ALWAYS_SEARCH_USER_PATHS = NO;
				CLANG_ANALYZER_NONNULL = YES;
				CLANG_ANALYZER_NUMBER_OBJECT_CONVERSION = YES_AGGRESSIVE;
				CLANG_CXX_LANGUAGE_STANDARD = "gnu++14";
				CLANG_CXX_LIBRARY = "libc++";
				CLANG_ENABLE_MODULES = YES;
				CLANG_ENABLE_OBJC_ARC = YES;
				CLANG_ENABLE_OBJC_WEAK = YES;
				CLANG_WARN_BLOCK_CAPTURE_AUTORELEASING = YES;
				CLANG_WARN_BOOL_CONVERSION = YES;
				CLANG_WARN_COMMA = YES;
				CLANG_WARN_CONSTANT_CONVERSION = YES;
				CLANG_WARN_DEPRECATED_OBJC_IMPLEMENTATIONS = YES;
				CLANG_WARN_DIRECT_OBJC_ISA_USAGE = YES_ERROR;
				CLANG_WARN_DOCUMENTATION_COMMENTS = YES;
				CLANG_WARN_EMPTY_BODY = YES;
				CLANG_WARN_ENUM_CONVERSION = YES;
				CLANG_WARN_INFINITE_RECURSION = YES;
				CLANG_WARN_INT_CONVERSION = YES;
				CLANG_WARN_NON_LITERAL_NULL_CONVERSION = YES;
				CLANG_WARN_OBJC_IMPLICIT_RETAIN_SELF = YES;
				CLANG_WARN_OBJC_LITERAL_CONVERSION = YES;
				CLANG_WARN_OBJC_ROOT_CLASS = YES_ERROR;
				CLANG_WARN_QUOTED_INCLUDE_IN_FRAMEWORK_HEADER = YES;
				CLANG_WARN_RANGE_LOOP_ANALYSIS = YES;
				CLANG_WARN_STRICT_PROTOTYPES = YES;
				CLANG_WARN_SUSPICIOUS_MOVE = YES;
				CLANG_WARN_UNGUARDED_AVAILABILITY = YES_AGGRESSIVE;
				CLANG_WARN_UNREACHABLE_CODE = YES;
				CLANG_WARN__DUPLICATE_METHOD_MATCH = YES;
				COPY_PHASE_STRIP = NO;
				DEBUG_INFORMATION_FORMAT = dwarf;
				ENABLE_STRICT_OBJC_MSGSEND = YES;
				ENABLE_TESTABILITY = YES;
				GCC_C_LANGUAGE_STANDARD = gnu11;
				GCC_DYNAMIC_NO_PIC = NO;
				GCC_NO_COMMON_BLOCKS = YES;
				GCC_OPTIMIZATION_LEVEL = 0;
				GCC_PREPROCESSOR_DEFINITIONS = (
					"DEBUG=1",
					"$(inherited)",
				);
				GCC_WARN_64_TO_32_BIT_CONVERSION = YES;
				GCC_WARN_ABOUT_RETURN_TYPE = YES_ERROR;
				GCC_WARN_UNDECLARED_SELECTOR = YES;
				GCC_WARN_UNINITIALIZED_AUTOS = YES_AGGRESSIVE;
				GCC_WARN_UNUSED_FUNCTION = YES;
				GCC_WARN_UNUSED_VARIABLE = YES;
				IPHONEOS_DEPLOYMENT_TARGET = 14.5;
				MTL_ENABLE_DEBUG_INFO = INCLUDE_SOURCE;
				MTL_FAST_MATH = YES;
				ONLY_ACTIVE_ARCH = YES;
				SDKROOT = iphoneos;
				SWIFT_ACTIVE_COMPILATION_CONDITIONS = DEBUG;
				SWIFT_OPTIMIZATION_LEVEL = "-Onone";
			};
			name = Debug;
		};
		CA6B7B5826E7746B00AEDC4E /* Release */ = {
			isa = XCBuildConfiguration;
			buildSettings = {
				ALWAYS_SEARCH_USER_PATHS = NO;
				CLANG_ANALYZER_NONNULL = YES;
				CLANG_ANALYZER_NUMBER_OBJECT_CONVERSION = YES_AGGRESSIVE;
				CLANG_CXX_LANGUAGE_STANDARD = "gnu++14";
				CLANG_CXX_LIBRARY = "libc++";
				CLANG_ENABLE_MODULES = YES;
				CLANG_ENABLE_OBJC_ARC = YES;
				CLANG_ENABLE_OBJC_WEAK = YES;
				CLANG_WARN_BLOCK_CAPTURE_AUTORELEASING = YES;
				CLANG_WARN_BOOL_CONVERSION = YES;
				CLANG_WARN_COMMA = YES;
				CLANG_WARN_CONSTANT_CONVERSION = YES;
				CLANG_WARN_DEPRECATED_OBJC_IMPLEMENTATIONS = YES;
				CLANG_WARN_DIRECT_OBJC_ISA_USAGE = YES_ERROR;
				CLANG_WARN_DOCUMENTATION_COMMENTS = YES;
				CLANG_WARN_EMPTY_BODY = YES;
				CLANG_WARN_ENUM_CONVERSION = YES;
				CLANG_WARN_INFINITE_RECURSION = YES;
				CLANG_WARN_INT_CONVERSION = YES;
				CLANG_WARN_NON_LITERAL_NULL_CONVERSION = YES;
				CLANG_WARN_OBJC_IMPLICIT_RETAIN_SELF = YES;
				CLANG_WARN_OBJC_LITERAL_CONVERSION = YES;
				CLANG_WARN_OBJC_ROOT_CLASS = YES_ERROR;
				CLANG_WARN_QUOTED_INCLUDE_IN_FRAMEWORK_HEADER = YES;
				CLANG_WARN_RANGE_LOOP_ANALYSIS = YES;
				CLANG_WARN_STRICT_PROTOTYPES = YES;
				CLANG_WARN_SUSPICIOUS_MOVE = YES;
				CLANG_WARN_UNGUARDED_AVAILABILITY = YES_AGGRESSIVE;
				CLANG_WARN_UNREACHABLE_CODE = YES;
				CLANG_WARN__DUPLICATE_METHOD_MATCH = YES;
				COPY_PHASE_STRIP = NO;
				DEBUG_INFORMATION_FORMAT = "dwarf-with-dsym";
				ENABLE_NS_ASSERTIONS = NO;
				ENABLE_STRICT_OBJC_MSGSEND = YES;
				GCC_C_LANGUAGE_STANDARD = gnu11;
				GCC_NO_COMMON_BLOCKS = YES;
				GCC_WARN_64_TO_32_BIT_CONVERSION = YES;
				GCC_WARN_ABOUT_RETURN_TYPE = YES_ERROR;
				GCC_WARN_UNDECLARED_SELECTOR = YES;
				GCC_WARN_UNINITIALIZED_AUTOS = YES_AGGRESSIVE;
				GCC_WARN_UNUSED_FUNCTION = YES;
				GCC_WARN_UNUSED_VARIABLE = YES;
				IPHONEOS_DEPLOYMENT_TARGET = 14.5;
				MTL_ENABLE_DEBUG_INFO = NO;
				MTL_FAST_MATH = YES;
				SDKROOT = iphoneos;
				SWIFT_COMPILATION_MODE = wholemodule;
				SWIFT_OPTIMIZATION_LEVEL = "-O";
				VALIDATE_PRODUCT = YES;
			};
			name = Release;
		};
		CA6B7B5A26E7746B00AEDC4E /* Debug */ = {
			isa = XCBuildConfiguration;
			buildSettings = {
				ASSETCATALOG_COMPILER_APPICON_NAME = AppIcon;
				ASSETCATALOG_COMPILER_GLOBAL_ACCENT_COLOR_NAME = AccentColor;
				CODE_SIGN_STYLE = Automatic;
				INFOPLIST_FILE = SonyaCatFinish/Info.plist;
				LD_RUNPATH_SEARCH_PATHS = (
					"$(inherited)",
					"@executable_path/Frameworks",
				);
				PRODUCT_BUNDLE_IDENTIFIER = pl.com.koss.SonyaCatFinish;
				PRODUCT_NAME = "$(TARGET_NAME)";
				SWIFT_VERSION = 5.0;
				TARGETED_DEVICE_FAMILY = "1,2";
			};
			name = Debug;
		};
		CA6B7B5B26E7746B00AEDC4E /* Release */ = {
			isa = XCBuildConfiguration;
			buildSettings = {
				ASSETCATALOG_COMPILER_APPICON_NAME = AppIcon;
				ASSETCATALOG_COMPILER_GLOBAL_ACCENT_COLOR_NAME = AccentColor;
				CODE_SIGN_STYLE = Automatic;
				INFOPLIST_FILE = SonyaCatFinish/Info.plist;
				LD_RUNPATH_SEARCH_PATHS = (
					"$(inherited)",
					"@executable_path/Frameworks",
				);
				PRODUCT_BUNDLE_IDENTIFIER = pl.com.koss.SonyaCatFinish;
				PRODUCT_NAME = "$(TARGET_NAME)";
				SWIFT_VERSION = 5.0;
				TARGETED_DEVICE_FAMILY = "1,2";
			};
			name = Release;
		};
/* End XCBuildConfiguration section */

/* Begin XCConfigurationList section */
		CA6B7B4026E7746A00AEDC4E /* Build configuration list for PBXProject "SonyaCatFinish" */ = {
			isa = XCConfigurationList;
			buildConfigurations = (
				CA6B7B5726E7746B00AEDC4E /* Debug */,
				CA6B7B5826E7746B00AEDC4E /* Release */,
			);
			defaultConfigurationIsVisible = 0;
			defaultConfigurationName = Release;
		};
		CA6B7B5926E7746B00AEDC4E /* Build configuration list for PBXNativeTarget "SonyaCatFinish" */ = {
			isa = XCConfigurationList;
			buildConfigurations = (
				CA6B7B5A26E7746B00AEDC4E /* Debug */,
				CA6B7B5B26E7746B00AEDC4E /* Release */,
			);
			defaultConfigurationIsVisible = 0;
			defaultConfigurationName = Release;
		};
/* End XCConfigurationList section */
	};
	rootObject = CA6B7B3D26E7746A00AEDC4E /* Project object */;
}
